{
  "version": 4,
  "terraform_version": "1.14.3",
  "serial": 40,
  "lineage": "f1402a04-d22f-b4e3-eabf-4de070698041",
  "outputs": {},
  "resources": [
    {
      "mode": "managed",
      "type": "local_file",
      "name": "my_pet",
      "provider": "provider[\"registry.terraform.io/hashicorp/local\"]",
      "instances": [
        {
          "schema_version": 0,
          "attributes": {
            "content": "i am villian",
            "content_base64": null,
            "content_base64sha256": "QhQhpUxIcijDnKSTDbEyJWQPBcMX0rRh0Nawwxa3F9I=",
            "content_base64sha512": "owjQcTdPJoP7xhDrXevsZPlcKfAYcek6uMuu5Ajyl5fauvEUX8bnRB3mkhEf24uMIdhJcbh8fSxF7wRyFAoqrA==",
            "content_md5": "1ce28a574c4e3f4d049ab08742030423",
            "content_sha1": "f6a360078077f1e47668b84a46607ac1fb9abb67",
            "content_sha256": "421421a54c487228c39ca4930db13225640f05c317d2b461d0d6b0c316b717d2",
            "content_sha512": "a308d071374f2683fbc610eb5debec64f95c29f01871e93ab8cbaee408f29797dabaf1145fc6e7441de692111fdb8b8c21d84971b87c7d2c45ef0472140a2aac",
            "directory_permission": "0777",
            "file_permission": "0777",
            "filename": "my.file",
            "id": "f6a360078077f1e47668b84a46607ac1fb9abb67",
            "sensitive_content": null,
            "source": null
          },
          "sensitive_attributes": [
            [
              {
                "type": "get_attr",
                "value": "sensitive_content"
              }
            ]
          ],
          "identity_schema_version": 0,
          "create_before_destroy": true
        }
      ]
    },
    {
      "mode": "managed",
      "type": "random_pet",
      "name": "my_pet",
      "provider": "provider[\"registry.terraform.io/hashicorp/random\"]",
      "instances": [
        {
          "schema_version": 0,
          "attributes": {
            "id": "miss.coyote",
            "keepers": null,
            "length": 1,
            "prefix": "miss",
            "separator": "."
          },
          "sensitive_attributes": [],
          "identity_schema_version": 0
        }
      ]
    }
  ],
  "check_results": null
}
